
Microsoft Visual Studio Solution File, Format Version 12.00
# Visual Studio Version 17
VisualStudioVersion = 17.10.34916.146
MinimumVisualStudioVersion = 10.0.40219.1
Project("{9A19103F-16F7-4668-BE54-9A1E7A4F7556}") = "ModerBox", "ModerBox\ModerBox.csproj", "{1C5544C9-08A3-4B75-A535-A10D7381BEC0}"
EndProject
Project("{9A19103F-16F7-4668-BE54-9A1E7A4F7556}") = "ModerBox.Comtrade", "ModerBox.Comtrade\ModerBox.Comtrade.csproj", "{02778272-AB88-4607-AB8D-DBCC6F41CEF8}"
EndProject
Project("{9A19103F-16F7-4668-BE54-9A1E7A4F7556}") = "ModerBox.Comtrade.Test", "ModerBox.Comtrade.Test\ModerBox.Comtrade.Test.csproj", "{DD07E395-FC21-491F-881C-58630B889FA5}"
EndProject
Project("{9A19103F-16F7-4668-BE54-9A1E7A4F7556}") = "ModerBox.Common", "ModerBox.Common\ModerBox.Common.csproj", "{454E84CD-AA53-45AC-B275-05D35372BEFD}"
EndProject
Project("{9A19103F-16F7-4668-BE54-9A1E7A4F7556}") = "ModerBox.UIAutomation.Android.Common", "ModerBox.UIAutomation.Android.Common\ModerBox.UIAutomation.Android.Common.csproj", "{9D802477-3CBF-47B6-B1F3-2FB0DF7969FF}"
EndProject
Project("{9A19103F-16F7-4668-BE54-9A1E7A4F7556}") = "ModerBox.UIAutomation.Android.Common.Test", "ModerBox.UIAutomation.Android.Common.Test\ModerBox.UIAutomation.Android.Common.Test.csproj", "{40BFAA16-3CA3-4481-8988-4087EC252089}"
EndProject
Project("{9A19103F-16F7-4668-BE54-9A1E7A4F7556}") = "ModerBox.Common.Test", "ModerBox.Common.Test\ModerBox.Common.Test.csproj", "{6AA8FFE0-BE76-4C1A-90A5-8CE0C9902D8F}"
EndProject
Project("{9A19103F-16F7-4668-BE54-9A1E7A4F7556}") = "ModerBox.Comtrade.FilterWaveform", "ModerBox.Comtrade.FilterWaveform\ModerBox.Comtrade.FilterWaveform.csproj", "{9BC7AF66-6D15-4CB4-AA0B-41F06A0523A2}"
EndProject
Project("{9A19103F-16F7-4668-BE54-9A1E7A4F7556}") = "ModerBox.Comtrade.FilterWaveform.Test", "ModerBox.Comtrade.FilterWaveform.Test\ModerBox.Comtrade.FilterWaveform.Test.csproj", "{F93283D4-AF85-4225-8B3C-7264CC025C55}"
EndProject
Project("{9A19103F-16F7-4668-BE54-9A1E7A4F7556}") = "ModerBox.PDF", "ModerBox.PDF\ModerBox.PDF.csproj", "{8850BBAB-0916-48BE-84A3-3E217A3FD4D1}"
EndProject
Project("{9A19103F-16F7-4668-BE54-9A1E7A4F7556}") = "ModerBox.PDF.Test", "ModerBox.PDF.Test\ModerBox.PDF.Test.csproj", "{D96AE569-8EB7-4A1E-9F5D-716005555786}"
EndProject
Project("{FAE04EC0-301F-11D3-BF4B-00C04F79EFBC}") = "ModerBox.Comtrade.PeriodicWork", "ModerBox.Comtrade.PeriodicWork\ModerBox.Comtrade.PeriodicWork.csproj", "{327212CB-1FB2-4911-9AFE-0A523DAD68A7}"
EndProject
Project("{FAE04EC0-301F-11D3-BF4B-00C04F79EFBC}") = "ModerBox.Comtrade.PeriodicWork.Test", "ModerBox.Comtrade.PeriodicWork.Test\ModerBox.Comtrade.PeriodicWork.Test.csproj", "{A08FF248-1F8F-48C9-96A6-25D3BA1119BF}"
EndProject
Project("{2150E333-8FDC-42A3-9474-1A3956D46DE8}") = "Comtrade", "Comtrade", "{6D62D02F-AF12-4F54-891D-445C9F0C5C58}"
EndProject
Project("{2150E333-8FDC-42A3-9474-1A3956D46DE8}") = "UIAutomation", "UIAutomation", "{92F4DB5D-497A-4FA4-B33A-419C98188C95}"
EndProject
Project("{2150E333-8FDC-42A3-9474-1A3956D46DE8}") = "Common", "Common", "{02FE16EF-AE33-453B-A66C-CEF86BF2A2C4}"
EndProject
Project("{2150E333-8FDC-42A3-9474-1A3956D46DE8}") = "PDF", "PDF", "{C2D18058-8D1F-4F52-821E-3D9CE8BF1BD2}"
EndProject
Project("{FAE04EC0-301F-11D3-BF4B-00C04F79EFBC}") = "ModerBox.Comtrade.Harmonic", "ModerBox.Comtrade.Harmonic\ModerBox.Comtrade.Harmonic.csproj", "{ACD2A57C-2D70-4BC9-842E-EB7388313A83}"
EndProject
Project("{FAE04EC0-301F-11D3-BF4B-00C04F79EFBC}") = "ModerBox.Comtrade.Harmonic.Test", "ModerBox.Comtrade.Harmonic.Test\ModerBox.Comtrade.Harmonic.Test.csproj", "{2148540E-6CE6-4224-8BB2-73F8BF5B0025}"
EndProject
Global
	GlobalSection(SolutionConfigurationPlatforms) = preSolution
		Debug|Any CPU = Debug|Any CPU
		Release|Any CPU = Release|Any CPU
	EndGlobalSection
	GlobalSection(ProjectConfigurationPlatforms) = postSolution
		{1C5544C9-08A3-4B75-A535-A10D7381BEC0}.Debug|Any CPU.ActiveCfg = Debug|Any CPU
		{1C5544C9-08A3-4B75-A535-A10D7381BEC0}.Debug|Any CPU.Build.0 = Debug|Any CPU
		{1C5544C9-08A3-4B75-A535-A10D7381BEC0}.Release|Any CPU.ActiveCfg = Release|Any CPU
		{1C5544C9-08A3-4B75-A535-A10D7381BEC0}.Release|Any CPU.Build.0 = Release|Any CPU
		{02778272-AB88-4607-AB8D-DBCC6F41CEF8}.Debug|Any CPU.ActiveCfg = Debug|Any CPU
		{02778272-AB88-4607-AB8D-DBCC6F41CEF8}.Debug|Any CPU.Build.0 = Debug|Any CPU
		{02778272-AB88-4607-AB8D-DBCC6F41CEF8}.Release|Any CPU.ActiveCfg = Release|Any CPU
		{02778272-AB88-4607-AB8D-DBCC6F41CEF8}.Release|Any CPU.Build.0 = Release|Any CPU
		{DD07E395-FC21-491F-881C-58630B889FA5}.Debug|Any CPU.ActiveCfg = Debug|Any CPU
		{DD07E395-FC21-491F-881C-58630B889FA5}.Debug|Any CPU.Build.0 = Debug|Any CPU
		{DD07E395-FC21-491F-881C-58630B889FA5}.Release|Any CPU.ActiveCfg = Release|Any CPU
		{DD07E395-FC21-491F-881C-58630B889FA5}.Release|Any CPU.Build.0 = Release|Any CPU
		{454E84CD-AA53-45AC-B275-05D35372BEFD}.Debug|Any CPU.ActiveCfg = Debug|Any CPU
		{454E84CD-AA53-45AC-B275-05D35372BEFD}.Debug|Any CPU.Build.0 = Debug|Any CPU
		{454E84CD-AA53-45AC-B275-05D35372BEFD}.Release|Any CPU.ActiveCfg = Release|Any CPU
		{454E84CD-AA53-45AC-B275-05D35372BEFD}.Release|Any CPU.Build.0 = Release|Any CPU
		{9D802477-3CBF-47B6-B1F3-2FB0DF7969FF}.Debug|Any CPU.ActiveCfg = Debug|Any CPU
		{9D802477-3CBF-47B6-B1F3-2FB0DF7969FF}.Debug|Any CPU.Build.0 = Debug|Any CPU
		{9D802477-3CBF-47B6-B1F3-2FB0DF7969FF}.Release|Any CPU.ActiveCfg = Release|Any CPU
		{9D802477-3CBF-47B6-B1F3-2FB0DF7969FF}.Release|Any CPU.Build.0 = Release|Any CPU
		{40BFAA16-3CA3-4481-8988-4087EC252089}.Debug|Any CPU.ActiveCfg = Debug|Any CPU
		{40BFAA16-3CA3-4481-8988-4087EC252089}.Debug|Any CPU.Build.0 = Debug|Any CPU
		{40BFAA16-3CA3-4481-8988-4087EC252089}.Release|Any CPU.ActiveCfg = Release|Any CPU
		{40BFAA16-3CA3-4481-8988-4087EC252089}.Release|Any CPU.Build.0 = Release|Any CPU
		{6AA8FFE0-BE76-4C1A-90A5-8CE0C9902D8F}.Debug|Any CPU.ActiveCfg = Debug|Any CPU
		{6AA8FFE0-BE76-4C1A-90A5-8CE0C9902D8F}.Debug|Any CPU.Build.0 = Debug|Any CPU
		{6AA8FFE0-BE76-4C1A-90A5-8CE0C9902D8F}.Release|Any CPU.ActiveCfg = Release|Any CPU
		{6AA8FFE0-BE76-4C1A-90A5-8CE0C9902D8F}.Release|Any CPU.Build.0 = Release|Any CPU
		{9BC7AF66-6D15-4CB4-AA0B-41F06A0523A2}.Debug|Any CPU.ActiveCfg = Debug|Any CPU
		{9BC7AF66-6D15-4CB4-AA0B-41F06A0523A2}.Debug|Any CPU.Build.0 = Debug|Any CPU
		{9BC7AF66-6D15-4CB4-AA0B-41F06A0523A2}.Release|Any CPU.ActiveCfg = Release|Any CPU
		{9BC7AF66-6D15-4CB4-AA0B-41F06A0523A2}.Release|Any CPU.Build.0 = Release|Any CPU
		{F93283D4-AF85-4225-8B3C-7264CC025C55}.Debug|Any CPU.ActiveCfg = Debug|Any CPU
		{F93283D4-AF85-4225-8B3C-7264CC025C55}.Debug|Any CPU.Build.0 = Debug|Any CPU
		{F93283D4-AF85-4225-8B3C-7264CC025C55}.Release|Any CPU.ActiveCfg = Release|Any CPU
		{F93283D4-AF85-4225-8B3C-7264CC025C55}.Release|Any CPU.Build.0 = Release|Any CPU
		{8850BBAB-0916-48BE-84A3-3E217A3FD4D1}.Debug|Any CPU.ActiveCfg = Debug|Any CPU
		{8850BBAB-0916-48BE-84A3-3E217A3FD4D1}.Debug|Any CPU.Build.0 = Debug|Any CPU
		{8850BBAB-0916-48BE-84A3-3E217A3FD4D1}.Release|Any CPU.ActiveCfg = Release|Any CPU
		{8850BBAB-0916-48BE-84A3-3E217A3FD4D1}.Release|Any CPU.Build.0 = Release|Any CPU
		{D96AE569-8EB7-4A1E-9F5D-716005555786}.Debug|Any CPU.ActiveCfg = Debug|Any CPU
		{D96AE569-8EB7-4A1E-9F5D-716005555786}.Debug|Any CPU.Build.0 = Debug|Any CPU
		{D96AE569-8EB7-4A1E-9F5D-716005555786}.Release|Any CPU.ActiveCfg = Release|Any CPU
		{D96AE569-8EB7-4A1E-9F5D-716005555786}.Release|Any CPU.Build.0 = Release|Any CPU
		{327212CB-1FB2-4911-9AFE-0A523DAD68A7}.Debug|Any CPU.ActiveCfg = Debug|Any CPU
		{327212CB-1FB2-4911-9AFE-0A523DAD68A7}.Debug|Any CPU.Build.0 = Debug|Any CPU
		{327212CB-1FB2-4911-9AFE-0A523DAD68A7}.Release|Any CPU.ActiveCfg = Release|Any CPU
		{327212CB-1FB2-4911-9AFE-0A523DAD68A7}.Release|Any CPU.Build.0 = Release|Any CPU
		{A08FF248-1F8F-48C9-96A6-25D3BA1119BF}.Debug|Any CPU.ActiveCfg = Debug|Any CPU
		{A08FF248-1F8F-48C9-96A6-25D3BA1119BF}.Debug|Any CPU.Build.0 = Debug|Any CPU
		{A08FF248-1F8F-48C9-96A6-25D3BA1119BF}.Release|Any CPU.ActiveCfg = Release|Any CPU
		{A08FF248-1F8F-48C9-96A6-25D3BA1119BF}.Release|Any CPU.Build.0 = Release|Any CPU
		{ACD2A57C-2D70-4BC9-842E-EB7388313A83}.Debug|Any CPU.ActiveCfg = Debug|Any CPU
		{ACD2A57C-2D70-4BC9-842E-EB7388313A83}.Debug|Any CPU.Build.0 = Debug|Any CPU
		{ACD2A57C-2D70-4BC9-842E-EB7388313A83}.Release|Any CPU.ActiveCfg = Release|Any CPU
		{ACD2A57C-2D70-4BC9-842E-EB7388313A83}.Release|Any CPU.Build.0 = Release|Any CPU
		{2148540E-6CE6-4224-8BB2-73F8BF5B0025}.Debug|Any CPU.ActiveCfg = Debug|Any CPU
		{2148540E-6CE6-4224-8BB2-73F8BF5B0025}.Debug|Any CPU.Build.0 = Debug|Any CPU
		{2148540E-6CE6-4224-8BB2-73F8BF5B0025}.Release|Any CPU.ActiveCfg = Release|Any CPU
		{2148540E-6CE6-4224-8BB2-73F8BF5B0025}.Release|Any CPU.Build.0 = Release|Any CPU
	EndGlobalSection
	GlobalSection(SolutionProperties) = preSolution
		HideSolutionNode = FALSE
	EndGlobalSection
	GlobalSection(NestedProjects) = preSolution
		{1C5544C9-08A3-4B75-A535-A10D7381BEC0} = {02FE16EF-AE33-453B-A66C-CEF86BF2A2C4}
		{02778272-AB88-4607-AB8D-DBCC6F41CEF8} = {6D62D02F-AF12-4F54-891D-445C9F0C5C58}
		{DD07E395-FC21-491F-881C-58630B889FA5} = {6D62D02F-AF12-4F54-891D-445C9F0C5C58}
		{454E84CD-AA53-45AC-B275-05D35372BEFD} = {02FE16EF-AE33-453B-A66C-CEF86BF2A2C4}
		{9D802477-3CBF-47B6-B1F3-2FB0DF7969FF} = {92F4DB5D-497A-4FA4-B33A-419C98188C95}
		{40BFAA16-3CA3-4481-8988-4087EC252089} = {92F4DB5D-497A-4FA4-B33A-419C98188C95}
		{6AA8FFE0-BE76-4C1A-90A5-8CE0C9902D8F} = {02FE16EF-AE33-453B-A66C-CEF86BF2A2C4}
		{9BC7AF66-6D15-4CB4-AA0B-41F06A0523A2} = {6D62D02F-AF12-4F54-891D-445C9F0C5C58}
		{F93283D4-AF85-4225-8B3C-7264CC025C55} = {6D62D02F-AF12-4F54-891D-445C9F0C5C58}
		{8850BBAB-0916-48BE-84A3-3E217A3FD4D1} = {C2D18058-8D1F-4F52-821E-3D9CE8BF1BD2}
		{D96AE569-8EB7-4A1E-9F5D-716005555786} = {C2D18058-8D1F-4F52-821E-3D9CE8BF1BD2}
		{327212CB-1FB2-4911-9AFE-0A523DAD68A7} = {6D62D02F-AF12-4F54-891D-445C9F0C5C58}
		{A08FF248-1F8F-48C9-96A6-25D3BA1119BF} = {6D62D02F-AF12-4F54-891D-445C9F0C5C58}
		{ACD2A57C-2D70-4BC9-842E-EB7388313A83} = {6D62D02F-AF12-4F54-891D-445C9F0C5C58}
		{2148540E-6CE6-4224-8BB2-73F8BF5B0025} = {6D62D02F-AF12-4F54-891D-445C9F0C5C58}
	EndGlobalSection
	GlobalSection(ExtensibilityGlobals) = postSolution
		SolutionGuid = {F5B80292-9FE3-4A16-B7D0-72C03CDD050D}
	EndGlobalSection
EndGlobal
